
Microsoft Visual Studio Solution File, Format Version 12.00
# Visual Studio Version 17
VisualStudioVersion = 17.1.32228.430
MinimumVisualStudioVersion = 10.0.40219.1
Project("{9A19103F-16F7-4668-BE54-9A1E7A4F7556}") = "WorkDays.API", "WorkDays.Api\WorkDays.API.csproj", "{68BBA6E9-8171-4876-BD9F-54BF8A957A13}"
EndProject
Project("{9A19103F-16F7-4668-BE54-9A1E7A4F7556}") = "WorkDays.Domain", "WorkDays.Domain\WorkDays.Domain.csproj", "{6DD308E7-4DC8-42E5-ABC4-245826F7E0DE}"
EndProject
Project("{9A19103F-16F7-4668-BE54-9A1E7A4F7556}") = "WorkDays.Core", "WorkDays.Core\WorkDays.Core.csproj", "{3AFBD5DB-DE0C-4268-9310-1F0B7FA18650}"
EndProject
Project("{9A19103F-16F7-4668-BE54-9A1E7A4F7556}") = "WorkDays.Infra", "WorkDays.Infra\WorkDays.Infra.csproj", "{6D478B23-F137-456D-8A98-E27672A33E79}"
EndProject
Project("{FAE04EC0-301F-11D3-BF4B-00C04F79EFBC}") = "WorkDays.Application", "WorkDays.Application\WorkDays.Application.csproj", "{36310304-652B-4576-B4F7-77C9D877B6D3}"
EndProject
Global
	GlobalSection(SolutionConfigurationPlatforms) = preSolution
		Debug|Any CPU = Debug|Any CPU
		Release|Any CPU = Release|Any CPU
	EndGlobalSection
	GlobalSection(ProjectConfigurationPlatforms) = postSolution
		{68BBA6E9-8171-4876-BD9F-54BF8A957A13}.Debug|Any CPU.ActiveCfg = Debug|Any CPU
		{68BBA6E9-8171-4876-BD9F-54BF8A957A13}.Debug|Any CPU.Build.0 = Debug|Any CPU
		{68BBA6E9-8171-4876-BD9F-54BF8A957A13}.Release|Any CPU.ActiveCfg = Release|Any CPU
		{68BBA6E9-8171-4876-BD9F-54BF8A957A13}.Release|Any CPU.Build.0 = Release|Any CPU
		{6DD308E7-4DC8-42E5-ABC4-245826F7E0DE}.Debug|Any CPU.ActiveCfg = Debug|Any CPU
		{6DD308E7-4DC8-42E5-ABC4-245826F7E0DE}.Debug|Any CPU.Build.0 = Debug|Any CPU
		{6DD308E7-4DC8-42E5-ABC4-245826F7E0DE}.Release|Any CPU.ActiveCfg = Release|Any CPU
		{6DD308E7-4DC8-42E5-ABC4-245826F7E0DE}.Release|Any CPU.Build.0 = Release|Any CPU
		{3AFBD5DB-DE0C-4268-9310-1F0B7FA18650}.Debug|Any CPU.ActiveCfg = Debug|Any CPU
		{3AFBD5DB-DE0C-4268-9310-1F0B7FA18650}.Debug|Any CPU.Build.0 = Debug|Any CPU
		{3AFBD5DB-DE0C-4268-9310-1F0B7FA18650}.Release|Any CPU.ActiveCfg = Release|Any CPU
		{3AFBD5DB-DE0C-4268-9310-1F0B7FA18650}.Release|Any CPU.Build.0 = Release|Any CPU
		{6D478B23-F137-456D-8A98-E27672A33E79}.Debug|Any CPU.ActiveCfg = Debug|Any CPU
		{6D478B23-F137-456D-8A98-E27672A33E79}.Debug|Any CPU.Build.0 = Debug|Any CPU
		{6D478B23-F137-456D-8A98-E27672A33E79}.Release|Any CPU.ActiveCfg = Release|Any CPU
		{6D478B23-F137-456D-8A98-E27672A33E79}.Release|Any CPU.Build.0 = Release|Any CPU
		{36310304-652B-4576-B4F7-77C9D877B6D3}.Debug|Any CPU.ActiveCfg = Debug|Any CPU
		{36310304-652B-4576-B4F7-77C9D877B6D3}.Debug|Any CPU.Build.0 = Debug|Any CPU
		{36310304-652B-4576-B4F7-77C9D877B6D3}.Release|Any CPU.ActiveCfg = Release|Any CPU
		{36310304-652B-4576-B4F7-77C9D877B6D3}.Release|Any CPU.Build.0 = Release|Any CPU
	EndGlobalSection
	GlobalSection(SolutionProperties) = preSolution
		HideSolutionNode = FALSE
	EndGlobalSection
	GlobalSection(ExtensibilityGlobals) = postSolution
		SolutionGuid = {72247793-06E6-4A44-BFB8-7EB2AB96D64F}
	EndGlobalSection
EndGlobal
